{
  "version": 4,
  "terraform_version": "1.13.4",
  "serial": 22,
  "lineage": "b81b7540-9f5b-e4b5-e699-9cbb56d123bf",
  "outputs": {
    "container_names": {
      "value": [
        "4IT-1",
        "4IT-2"
      ],
      "type": [
        "tuple",
        [
          "string",
          "string"
        ]
      ]
    },
    "inventory_path": {
      "value": "./../ansible/inventory.ini",
      "type": "string"
    },
    "ssh_commands": {
      "value": [
        "ssh ubuntu@localhost -p 2221",
        "ssh ubuntu@localhost -p 2222"
      ],
      "type": [
        "tuple",
        [
          "string",
          "string"
        ]
      ]
    }
  },
  "resources": [
    {
      "mode": "data",
      "type": "template_file",
      "name": "inventory",
      "provider": "provider[\"registry.terraform.io/hashicorp/template\"]",
      "instances": [
        {
          "schema_version": 0,
          "attributes": {
            "filename": null,
            "id": "ad6ec7e80d25b5ff1be321c56120e89611eb92429d31ee70723cbc04a6fd47ce",
            "rendered": "[all]\n4IT-1 ansible_host=127.0.0.1 ansible_port=2221 ansible_user=ubuntu ansible_password=ubuntu\n4IT-2 ansible_host=127.0.0.1 ansible_port=2222 ansible_user=ubuntu ansible_password=ubuntu\n",
            "template": "[all]\n%{ for idx, name in split(\",\", hosts) ~}\n${name} ansible_host=127.0.0.1 ansible_port=${split(\",\", ports)[idx]} ansible_user=${ssh_user} ansible_password=${ssh_pass}\n%{ endfor ~}\n",
            "vars": {
              "hosts": "4IT-1,4IT-2",
              "ports": "2221,2222",
              "ssh_pass": "ubuntu",
              "ssh_user": "ubuntu"
            }
          },
          "sensitive_attributes": [
            [
              {
                "type": "get_attr",
                "value": "vars"
              },
              {
                "type": "index",
                "value": {
                  "value": "ssh_pass",
                  "type": "string"
                }
              }
            ]
          ],
          "identity_schema_version": 0
        }
      ]
    },
    {
      "mode": "managed",
      "type": "docker_network",
      "name": "net",
      "provider": "provider[\"registry.terraform.io/kreuzwerker/docker\"]",
      "instances": [
        {
          "schema_version": 1,
          "attributes": {
            "attachable": false,
            "check_duplicate": null,
            "driver": "bridge",
            "id": "11f0f13aa7f55e4505344010798601f898096188b650a7582b1fa51f1bf353f3",
            "ingress": false,
            "internal": false,
            "ipam_config": [
              {
                "aux_address": {},
                "gateway": "172.28.0.1",
                "ip_range": "",
                "subnet": "172.28.0.0/16"
              }
            ],
            "ipam_driver": "default",
            "ipam_options": null,
            "ipv6": false,
            "labels": [],
            "name": "tf-docker-ansible-net",
            "options": {},
            "scope": "local"
          },
          "sensitive_attributes": [],
          "identity_schema_version": 0,
          "private": "eyJzY2hlbWFfdmVyc2lvbiI6IjEifQ=="
        }
      ]
    },
    {
      "mode": "managed",
      "type": "local_file",
      "name": "inventory_file",
      "provider": "provider[\"registry.terraform.io/hashicorp/local\"]",
      "instances": [
        {
          "schema_version": 0,
          "attributes": {
            "content": "[all]\n4IT-1 ansible_host=127.0.0.1 ansible_port=2221 ansible_user=ubuntu ansible_password=ubuntu\n4IT-2 ansible_host=127.0.0.1 ansible_port=2222 ansible_user=ubuntu ansible_password=ubuntu\n",
            "content_base64": null,
            "content_base64sha256": "rW7H6A0ltf8b4yHFYSDolhHrkkKdMe5wcjy8BKb9R84=",
            "content_base64sha512": "c2S9iYsg+zl6KofW1vf2ZUIViiiatmVKp5Ixa4SDHR5O2fN9Y3KDtlcA0iCKZDL4sgIJK+6xgRnmW+1IUenLwA==",
            "content_md5": "616b2362bd4b6a85671ab0de3ad33935",
            "content_sha1": "88074cb403b64e98f0501145d4f0a2c0e0297d70",
            "content_sha256": "ad6ec7e80d25b5ff1be321c56120e89611eb92429d31ee70723cbc04a6fd47ce",
            "content_sha512": "7364bd898b20fb397a2a87d6d6f7f66542158a289ab6654aa792316b84831d1e4ed9f37d637283b65700d2208a6432f8b202092beeb18119e65bed4851e9cbc0",
            "directory_permission": "0777",
            "file_permission": "0777",
            "filename": "./../ansible/inventory.ini",
            "id": "88074cb403b64e98f0501145d4f0a2c0e0297d70",
            "sensitive_content": null,
            "source": null
          },
          "sensitive_attributes": [
            [
              {
                "type": "get_attr",
                "value": "sensitive_content"
              }
            ]
          ],
          "identity_schema_version": 0,
          "dependencies": [
            "data.template_file.inventory"
          ]
        }
      ]
    }
  ],
  "check_results": null
}
